
Microsoft Visual Studio Solution File, Format Version 12.00
# Visual Studio Version 17
VisualStudioVersion = 17.8.34408.163
MinimumVisualStudioVersion = 10.0.40219.1
Project("{FAE04EC0-301F-11D3-BF4B-00C04F79EFBC}") = "DELEGATESs_5", "DELEGATESs_5\DELEGATESs_5.csproj", "{9B8C3B90-7F4D-48EA-8329-7CE9EE4B6CB3}"
EndProject
Global
	GlobalSection(SolutionConfigurationPlatforms) = preSolution
		Debug|Any CPU = Debug|Any CPU
		Release|Any CPU = Release|Any CPU
	EndGlobalSection
	GlobalSection(ProjectConfigurationPlatforms) = postSolution
		{9B8C3B90-7F4D-48EA-8329-7CE9EE4B6CB3}.Debug|Any CPU.ActiveCfg = Debug|Any CPU
		{9B8C3B90-7F4D-48EA-8329-7CE9EE4B6CB3}.Debug|Any CPU.Build.0 = Debug|Any CPU
		{9B8C3B90-7F4D-48EA-8329-7CE9EE4B6CB3}.Release|Any CPU.ActiveCfg = Release|Any CPU
		{9B8C3B90-7F4D-48EA-8329-7CE9EE4B6CB3}.Release|Any CPU.Build.0 = Release|Any CPU
	EndGlobalSection
	GlobalSection(SolutionProperties) = preSolution
		HideSolutionNode = FALSE
	EndGlobalSection
	GlobalSection(ExtensibilityGlobals) = postSolution
		SolutionGuid = {02FBAC17-546E-441F-9B07-0B4F3907EFF7}
	EndGlobalSection
EndGlobal
